
Microsoft Visual Studio Solution File, Format Version 12.00
# Visual Studio Version 16
VisualStudioVersion = 16.0.29905.134
MinimumVisualStudioVersion = 10.0.40219.1
Project("{FAE04EC0-301F-11D3-BF4B-00C04F79EFBC}") = "ConsoleApp1", "ConsoleApp1.csproj", "{B88CBA50-E456-4C9D-A252-6482942AB3A1}"
EndProject
Project("{FAE04EC0-301F-11D3-BF4B-00C04F79EFBC}") = "SHA256withRSA", "..\SHA256withRSA\SHA256withRSA\SHA256withRSA.csproj", "{175E4E2E-3856-452F-BD09-D157002BB003}"
EndProject
Project("{FAE04EC0-301F-11D3-BF4B-00C04F79EFBC}") = "RSAWrapper", "..\RSAWrapper\RSAWrapper.csproj", "{48968BBE-EE86-4A07-BA6D-0B2A7B2EAC52}"
EndProject
Global
	GlobalSection(SolutionConfigurationPlatforms) = preSolution
		Debug|Any CPU = Debug|Any CPU
		Release|Any CPU = Release|Any CPU
	EndGlobalSection
	GlobalSection(ProjectConfigurationPlatforms) = postSolution
		{B88CBA50-E456-4C9D-A252-6482942AB3A1}.Debug|Any CPU.ActiveCfg = Debug|Any CPU
		{B88CBA50-E456-4C9D-A252-6482942AB3A1}.Debug|Any CPU.Build.0 = Debug|Any CPU
		{B88CBA50-E456-4C9D-A252-6482942AB3A1}.Release|Any CPU.ActiveCfg = Release|Any CPU
		{B88CBA50-E456-4C9D-A252-6482942AB3A1}.Release|Any CPU.Build.0 = Release|Any CPU
		{175E4E2E-3856-452F-BD09-D157002BB003}.Debug|Any CPU.ActiveCfg = Debug|Any CPU
		{175E4E2E-3856-452F-BD09-D157002BB003}.Debug|Any CPU.Build.0 = Debug|Any CPU
		{175E4E2E-3856-452F-BD09-D157002BB003}.Release|Any CPU.ActiveCfg = Release|Any CPU
		{175E4E2E-3856-452F-BD09-D157002BB003}.Release|Any CPU.Build.0 = Release|Any CPU
		{48968BBE-EE86-4A07-BA6D-0B2A7B2EAC52}.Debug|Any CPU.ActiveCfg = Debug|Any CPU
		{48968BBE-EE86-4A07-BA6D-0B2A7B2EAC52}.Debug|Any CPU.Build.0 = Debug|Any CPU
		{48968BBE-EE86-4A07-BA6D-0B2A7B2EAC52}.Release|Any CPU.ActiveCfg = Release|Any CPU
		{48968BBE-EE86-4A07-BA6D-0B2A7B2EAC52}.Release|Any CPU.Build.0 = Release|Any CPU
	EndGlobalSection
	GlobalSection(SolutionProperties) = preSolution
		HideSolutionNode = FALSE
	EndGlobalSection
	GlobalSection(ExtensibilityGlobals) = postSolution
		SolutionGuid = {560D9EC5-EAF2-4536-A316-A79864BAA6D4}
	EndGlobalSection
EndGlobal
